
Microsoft Visual Studio Solution File, Format Version 12.00
# Visual Studio Version 16
VisualStudioVersion = 16.0.31515.178
MinimumVisualStudioVersion = 10.0.40219.1
Project("{FAE04EC0-301F-11D3-BF4B-00C04F79EFBC}") = "MazinoAPIs", "MazinoAPIs\MazinoAPIs.csproj", "{27429628-B60C-4C44-9BA7-5101FF29A8C8}"
EndProject
Global
	GlobalSection(SolutionConfigurationPlatforms) = preSolution
		Debug|Any CPU = Debug|Any CPU
		Release|Any CPU = Release|Any CPU
	EndGlobalSection
	GlobalSection(ProjectConfigurationPlatforms) = postSolution
		{27429628-B60C-4C44-9BA7-5101FF29A8C8}.Debug|Any CPU.ActiveCfg = Debug|Any CPU
		{27429628-B60C-4C44-9BA7-5101FF29A8C8}.Debug|Any CPU.Build.0 = Debug|Any CPU
		{27429628-B60C-4C44-9BA7-5101FF29A8C8}.Release|Any CPU.ActiveCfg = Release|Any CPU
		{27429628-B60C-4C44-9BA7-5101FF29A8C8}.Release|Any CPU.Build.0 = Release|Any CPU
	EndGlobalSection
	GlobalSection(SolutionProperties) = preSolution
		HideSolutionNode = FALSE
	EndGlobalSection
	GlobalSection(ExtensibilityGlobals) = postSolution
		SolutionGuid = {45955154-80E4-42C8-A455-0D0D2084D8F5}
	EndGlobalSection
EndGlobal
